
Microsoft Visual Studio Solution File, Format Version 12.00
# Visual Studio Version 17
VisualStudioVersion = 17.9.34728.123
MinimumVisualStudioVersion = 10.0.40219.1
Project("{FAE04EC0-301F-11D3-BF4B-00C04F79EFBC}") = "2-exercise-data-type-conversion", "2-exercise-data-type-conversion.csproj", "{58DC4527-C461-4A22-95F7-ABA6DE3B3D4E}"
EndProject
Global
	GlobalSection(SolutionConfigurationPlatforms) = preSolution
		Debug|Any CPU = Debug|Any CPU
		Release|Any CPU = Release|Any CPU
	EndGlobalSection
	GlobalSection(ProjectConfigurationPlatforms) = postSolution
		{58DC4527-C461-4A22-95F7-ABA6DE3B3D4E}.Debug|Any CPU.ActiveCfg = Debug|Any CPU
		{58DC4527-C461-4A22-95F7-ABA6DE3B3D4E}.Debug|Any CPU.Build.0 = Debug|Any CPU
		{58DC4527-C461-4A22-95F7-ABA6DE3B3D4E}.Release|Any CPU.ActiveCfg = Release|Any CPU
		{58DC4527-C461-4A22-95F7-ABA6DE3B3D4E}.Release|Any CPU.Build.0 = Release|Any CPU
	EndGlobalSection
	GlobalSection(SolutionProperties) = preSolution
		HideSolutionNode = FALSE
	EndGlobalSection
	GlobalSection(ExtensibilityGlobals) = postSolution
		SolutionGuid = {818211FE-66C2-409E-98B4-84F79FFB1B3A}
	EndGlobalSection
EndGlobal
